// !$*UTF8*$!
{
	archiveVersion = 1;
	classes = {
	};
	objectVersion = 46;
	objects = {

/* Begin PBXBuildFile section */
		0C595A06B02D2477C1241382 /* Moya_ModelMapper.framework in Frameworks */ = {isa = PBXBuildFile; fileRef = D110D873C969A7951B137607 /* Moya_ModelMapper.framework */; };
		2721FADCE5FDB25B734DCCFE /* ObservableResponseTests.swift in Sources */ = {isa = PBXBuildFile; fileRef = 539A04B408AF1E5FE456E327 /* ObservableResponseTests.swift */; };
		356ACA44EB53392E7F7EA967 /* Single+ModelMapper.swift in Sources */ = {isa = PBXBuildFile; fileRef = 7AB359DF460E32E37F603D4C /* Single+ModelMapper.swift */; };
		50C376C4227A1BFE3F808A9F /* SingleResponseTests.swift in Sources */ = {isa = PBXBuildFile; fileRef = 3178EA21B18FF2B79C3FA04E /* SingleResponseTests.swift */; };
		5135AC4AD816E8E3FC3B5938 /* ResponseTests.swift in Sources */ = {isa = PBXBuildFile; fileRef = FD2B809444EDA9B341A5F838 /* ResponseTests.swift */; };
		641507C8719F8204F8E1490B /* ObservableAvailability.swift in Sources */ = {isa = PBXBuildFile; fileRef = 78083FC9CEF9645E80A5B0B4 /* ObservableAvailability.swift */; };
		68B79BD5B36CD2870AF5A59B /* SignalProducerAvailability.swift in Sources */ = {isa = PBXBuildFile; fileRef = FD796DFAFCD05FD32F7336C1 /* SignalProducerAvailability.swift */; };
		873B371C22A23232FC1627B6 /* ResponseAvailability.swift in Sources */ = {isa = PBXBuildFile; fileRef = C55922126B30C2B6630B9E69 /* ResponseAvailability.swift */; };
		88C16FD91FE9F148818659A6 /* SignalProducer+ModelMapper.swift in Sources */ = {isa = PBXBuildFile; fileRef = CC67EC99AF6E9A5F2CB5B57D /* SignalProducer+ModelMapper.swift */; };
		99532958B23F3372AD815218 /* TestMappable.swift in Sources */ = {isa = PBXBuildFile; fileRef = 7952C8647C854A3B3599D059 /* TestMappable.swift */; };
		DBC5108A70596E25C286C20A /* Moya_ModelMapper.framework in Frameworks */ = {isa = PBXBuildFile; fileRef = D110D873C969A7951B137607 /* Moya_ModelMapper.framework */; };
		EB62AFCC30C2F8EFB0361E0C /* Observable+ModelMapper.swift in Sources */ = {isa = PBXBuildFile; fileRef = 3EA02B0B44CC7866F0A3DE14 /* Observable+ModelMapper.swift */; };
		ED0076D7FCFAB92EC7BFA79B /* SignalProducerTests.swift in Sources */ = {isa = PBXBuildFile; fileRef = 28655D22B9CA03FA341E0FF1 /* SignalProducerTests.swift */; };
		F90929FE3776DA014F84A90B /* Response+ModelMapper.swift in Sources */ = {isa = PBXBuildFile; fileRef = E5DDE8AC90B73824F24B28ED /* Response+ModelMapper.swift */; };
		FD1D86A69093797E5E9689D0 /* Array+Shims.swift in Sources */ = {isa = PBXBuildFile; fileRef = C1C630B248349CA20A0D9C91 /* Array+Shims.swift */; };
/* End PBXBuildFile section */

/* Begin PBXContainerItemProxy section */
		0FC93A0D87D2D9CC86013E92 /* PBXContainerItemProxy */ = {
			isa = PBXContainerItemProxy;
			containerPortal = E31311AA9BB05082346610D1 /* Project object */;
			proxyType = 1;
			remoteGlobalIDString = F3C8B5F0801DDF315AF8ABBD;
			remoteInfo = "ReactiveMoya-ModelMapper";
		};
		2D878E417EBD1ACF0564F897 /* PBXContainerItemProxy */ = {
			isa = PBXContainerItemProxy;
			containerPortal = E31311AA9BB05082346610D1 /* Project object */;
			proxyType = 1;
			remoteGlobalIDString = FA69A356781D796BC6E2B7F1;
			remoteInfo = "RxMoya-ModelMapper";
		};
		30B7F2BFFCF38A4E145960F7 /* PBXContainerItemProxy */ = {
			isa = PBXContainerItemProxy;
			containerPortal = E31311AA9BB05082346610D1 /* Project object */;
			proxyType = 1;
			remoteGlobalIDString = CB01E6B39A00A8E944BEB061;
			remoteInfo = "Moya-ModelMapper";
		};
/* End PBXContainerItemProxy section */

/* Begin PBXFileReference section */
		28655D22B9CA03FA341E0FF1 /* SignalProducerTests.swift */ = {isa = PBXFileReference; includeInIndex = 1; lastKnownFileType = sourcecode.swift; name = SignalProducerTests.swift; path = "Tests/Moya-ModelMapperTests/SignalProducerTests.swift"; sourceTree = "<group>"; };
		3178EA21B18FF2B79C3FA04E /* SingleResponseTests.swift */ = {isa = PBXFileReference; includeInIndex = 1; lastKnownFileType = sourcecode.swift; name = SingleResponseTests.swift; path = "Tests/Moya-ModelMapperTests/SingleResponseTests.swift"; sourceTree = "<group>"; };
		3517BD85AE308884C8831564 /* Info.plist */ = {isa = PBXFileReference; includeInIndex = 1; lastKnownFileType = text.plist.xml; name = Info.plist; path = Tests/Info.plist; sourceTree = "<group>"; };
		3C72AC83CA40E875586C9C88 /* RxMoya_ModelMapper.framework */ = {isa = PBXFileReference; explicitFileType = wrapper.framework; includeInIndex = 0; path = RxMoya_ModelMapper.framework; sourceTree = BUILT_PRODUCTS_DIR; };
		3EA02B0B44CC7866F0A3DE14 /* Observable+ModelMapper.swift */ = {isa = PBXFileReference; includeInIndex = 1; lastKnownFileType = sourcecode.swift; name = "Observable+ModelMapper.swift"; path = "Sources/RxMoya-ModelMapper/Observable+ModelMapper.swift"; sourceTree = "<group>"; };
		486CCF16E207E67D4B7DFCD1 /* ReactiveMoya_ModelMapper.framework */ = {isa = PBXFileReference; explicitFileType = wrapper.framework; includeInIndex = 0; path = ReactiveMoya_ModelMapper.framework; sourceTree = BUILT_PRODUCTS_DIR; };
		539A04B408AF1E5FE456E327 /* ObservableResponseTests.swift */ = {isa = PBXFileReference; includeInIndex = 1; lastKnownFileType = sourcecode.swift; name = ObservableResponseTests.swift; path = "Tests/Moya-ModelMapperTests/ObservableResponseTests.swift"; sourceTree = "<group>"; };
		66C3ACE42832543B9A34CF99 /* Info.plist */ = {isa = PBXFileReference; includeInIndex = 1; lastKnownFileType = text.plist.xml; name = Info.plist; path = "Sources/Supporting Files/Info.plist"; sourceTree = "<group>"; };
		78083FC9CEF9645E80A5B0B4 /* ObservableAvailability.swift */ = {isa = PBXFileReference; includeInIndex = 1; lastKnownFileType = sourcecode.swift; name = ObservableAvailability.swift; path = "Sources/RxMoya-ModelMapper/ObservableAvailability.swift"; sourceTree = "<group>"; };
		7952C8647C854A3B3599D059 /* TestMappable.swift */ = {isa = PBXFileReference; includeInIndex = 1; lastKnownFileType = sourcecode.swift; name = TestMappable.swift; path = "Tests/Moya-ModelMapperTests/Helpers/TestMappable.swift"; sourceTree = "<group>"; };
		7AB359DF460E32E37F603D4C /* Single+ModelMapper.swift */ = {isa = PBXFileReference; includeInIndex = 1; lastKnownFileType = sourcecode.swift; name = "Single+ModelMapper.swift"; path = "Sources/RxMoya-ModelMapper/Single+ModelMapper.swift"; sourceTree = "<group>"; };
		AABD4D24F29FDD66049A954B /* Moya-ModelMapperTests.xctest */ = {isa = PBXFileReference; explicitFileType = wrapper.cfbundle; includeInIndex = 0; path = "Moya-ModelMapperTests.xctest"; sourceTree = BUILT_PRODUCTS_DIR; };
		C1C630B248349CA20A0D9C91 /* Array+Shims.swift */ = {isa = PBXFileReference; includeInIndex = 1; lastKnownFileType = sourcecode.swift; name = "Array+Shims.swift"; path = "Sources/Moya-ModelMapper/Array+Shims.swift"; sourceTree = "<group>"; };
		C55922126B30C2B6630B9E69 /* ResponseAvailability.swift */ = {isa = PBXFileReference; includeInIndex = 1; lastKnownFileType = sourcecode.swift; name = ResponseAvailability.swift; path = "Sources/Moya-ModelMapper/ResponseAvailability.swift"; sourceTree = "<group>"; };
		CC67EC99AF6E9A5F2CB5B57D /* SignalProducer+ModelMapper.swift */ = {isa = PBXFileReference; includeInIndex = 1; lastKnownFileType = sourcecode.swift; name = "SignalProducer+ModelMapper.swift"; path = "Sources/ReactiveMoya-ModelMapper/SignalProducer+ModelMapper.swift"; sourceTree = "<group>"; };
		D110D873C969A7951B137607 /* Moya_ModelMapper.framework */ = {isa = PBXFileReference; explicitFileType = wrapper.framework; includeInIndex = 0; path = Moya_ModelMapper.framework; sourceTree = BUILT_PRODUCTS_DIR; };
		E5DDE8AC90B73824F24B28ED /* Response+ModelMapper.swift */ = {isa = PBXFileReference; includeInIndex = 1; lastKnownFileType = sourcecode.swift; name = "Response+ModelMapper.swift"; path = "Sources/Moya-ModelMapper/Response+ModelMapper.swift"; sourceTree = "<group>"; };
		FD2B809444EDA9B341A5F838 /* ResponseTests.swift */ = {isa = PBXFileReference; includeInIndex = 1; lastKnownFileType = sourcecode.swift; name = ResponseTests.swift; path = "Tests/Moya-ModelMapperTests/ResponseTests.swift"; sourceTree = "<group>"; };
		FD796DFAFCD05FD32F7336C1 /* SignalProducerAvailability.swift */ = {isa = PBXFileReference; includeInIndex = 1; lastKnownFileType = sourcecode.swift; name = SignalProducerAvailability.swift; path = "Sources/ReactiveMoya-ModelMapper/SignalProducerAvailability.swift"; sourceTree = "<group>"; };
/* End PBXFileReference section */

/* Begin PBXFrameworksBuildPhase section */
		9BFDBBD5E22D7D358A109B31 /* Frameworks */ = {
			isa = PBXFrameworksBuildPhase;
			buildActionMask = 2147483647;
			files = (
			);
			runOnlyForDeploymentPostprocessing = 0;
		};
		A061A5EF2EA238DC5791A26D /* Frameworks */ = {
			isa = PBXFrameworksBuildPhase;
			buildActionMask = 2147483647;
			files = (
				DBC5108A70596E25C286C20A /* Moya_ModelMapper.framework in Frameworks */,
			);
			runOnlyForDeploymentPostprocessing = 0;
		};
		BAAE3AC6C91526AFB90A5CFF /* Frameworks */ = {
			isa = PBXFrameworksBuildPhase;
			buildActionMask = 2147483647;
			files = (
			);
			runOnlyForDeploymentPostprocessing = 0;
		};
		FFD8869521A26BD13ACB4197 /* Frameworks */ = {
			isa = PBXFrameworksBuildPhase;
			buildActionMask = 2147483647;
			files = (
				0C595A06B02D2477C1241382 /* Moya_ModelMapper.framework in Frameworks */,
			);
			runOnlyForDeploymentPostprocessing = 0;
		};
/* End PBXFrameworksBuildPhase section */

/* Begin PBXGroup section */
		0516D647FC95BC284FE6C79F /* Supporting Files */ = {
			isa = PBXGroup;
			children = (
				66C3ACE42832543B9A34CF99 /* Info.plist */,
			);
			name = "Supporting Files";
			sourceTree = "<group>";
		};
		0EB9DB3FDF4AB2491E5AC486 /* Tests */ = {
			isa = PBXGroup;
			children = (
				3517BD85AE308884C8831564 /* Info.plist */,
				465F7E23F21F43BA1FDF7DC8 /* Moya-ModelMapperTests */,
			);
			name = Tests;
			sourceTree = "<group>";
		};
		465F7E23F21F43BA1FDF7DC8 /* Moya-ModelMapperTests */ = {
			isa = PBXGroup;
			children = (
				28655D22B9CA03FA341E0FF1 /* SignalProducerTests.swift */,
				539A04B408AF1E5FE456E327 /* ObservableResponseTests.swift */,
				AA641AB2A1DA887DF969C9AC /* Helpers */,
				FD2B809444EDA9B341A5F838 /* ResponseTests.swift */,
				3178EA21B18FF2B79C3FA04E /* SingleResponseTests.swift */,
			);
			name = "Moya-ModelMapperTests";
			sourceTree = "<group>";
		};
		637E22CAE428957C092A3788 /* Sources */ = {
			isa = PBXGroup;
			children = (
				0516D647FC95BC284FE6C79F /* Supporting Files */,
				A4F4E11A751352E64C6B85A3 /* Moya-ModelMapper */,
				D458A84D40146EE8AA6F443A /* ReactiveMoya-ModelMapper */,
				B42828BC2FBF390DBEF9978E /* RxMoya-ModelMapper */,
			);
			name = Sources;
			sourceTree = "<group>";
		};
		7606447894FC07D810E12E10 /* Frameworks */ = {
			isa = PBXGroup;
			children = (
			);
			name = Frameworks;
			sourceTree = "<group>";
		};
		7F0ABD075288C07D10C8E63A /* Products */ = {
			isa = PBXGroup;
			children = (
				D110D873C969A7951B137607 /* Moya_ModelMapper.framework */,
				486CCF16E207E67D4B7DFCD1 /* ReactiveMoya_ModelMapper.framework */,
				3C72AC83CA40E875586C9C88 /* RxMoya_ModelMapper.framework */,
				AABD4D24F29FDD66049A954B /* Moya-ModelMapperTests.xctest */,
			);
			name = Products;
			sourceTree = "<group>";
		};
		92DA3F3914789FF3E0DB3CB0 = {
			isa = PBXGroup;
			children = (
				7F0ABD075288C07D10C8E63A /* Products */,
				7606447894FC07D810E12E10 /* Frameworks */,
				637E22CAE428957C092A3788 /* Sources */,
				0EB9DB3FDF4AB2491E5AC486 /* Tests */,
			);
			sourceTree = "<group>";
		};
		A4F4E11A751352E64C6B85A3 /* Moya-ModelMapper */ = {
			isa = PBXGroup;
			children = (
				C1C630B248349CA20A0D9C91 /* Array+Shims.swift */,
				E5DDE8AC90B73824F24B28ED /* Response+ModelMapper.swift */,
				C55922126B30C2B6630B9E69 /* ResponseAvailability.swift */,
			);
			name = "Moya-ModelMapper";
			sourceTree = "<group>";
		};
		AA641AB2A1DA887DF969C9AC /* Helpers */ = {
			isa = PBXGroup;
			children = (
				7952C8647C854A3B3599D059 /* TestMappable.swift */,
			);
			name = Helpers;
			sourceTree = "<group>";
		};
		B42828BC2FBF390DBEF9978E /* RxMoya-ModelMapper */ = {
			isa = PBXGroup;
			children = (
				78083FC9CEF9645E80A5B0B4 /* ObservableAvailability.swift */,
				3EA02B0B44CC7866F0A3DE14 /* Observable+ModelMapper.swift */,
				7AB359DF460E32E37F603D4C /* Single+ModelMapper.swift */,
			);
			name = "RxMoya-ModelMapper";
			sourceTree = "<group>";
		};
		D458A84D40146EE8AA6F443A /* ReactiveMoya-ModelMapper */ = {
			isa = PBXGroup;
			children = (
				FD796DFAFCD05FD32F7336C1 /* SignalProducerAvailability.swift */,
				CC67EC99AF6E9A5F2CB5B57D /* SignalProducer+ModelMapper.swift */,
			);
			name = "ReactiveMoya-ModelMapper";
			sourceTree = "<group>";
		};
/* End PBXGroup section */

/* Begin PBXNativeTarget section */
		07A9CF174BAC76BEF41F0DB6 /* Moya-ModelMapperTests */ = {
			isa = PBXNativeTarget;
			buildConfigurationList = FD59C4D2F05A7996A33C7F62 /* Build configuration list for PBXNativeTarget "Moya-ModelMapperTests" */;
			buildPhases = (
				C62745A16436A5A24AB7DA40 /* Sources */,
				10B4018CDD9E64621D6AD0F4 /* Resources */,
				9BFDBBD5E22D7D358A109B31 /* Frameworks */,
				E5CA85FE0DE964BD813493E3 /* Copy Carthage Frameworks */,
			);
			buildRules = (
			);
			dependencies = (
				57CFE40070D5C069A4DA8130 /* PBXTargetDependency */,
				E755AC2D74A28333566CCC98 /* PBXTargetDependency */,
				28FA7A9588F084FA2666A657 /* PBXTargetDependency */,
			);
			name = "Moya-ModelMapperTests";
			productName = "Moya-ModelMapperTests";
			productReference = AABD4D24F29FDD66049A954B /* Moya-ModelMapperTests.xctest */;
			productType = "com.apple.product-type.bundle.unit-test";
		};
		CB01E6B39A00A8E944BEB061 /* Moya-ModelMapper */ = {
			isa = PBXNativeTarget;
			buildConfigurationList = 0FA63F9FE0A5C3136A9DF254 /* Build configuration list for PBXNativeTarget "Moya-ModelMapper" */;
			buildPhases = (
				9DAAD77CCE98255F29E26E06 /* Sources */,
				8A0B26AE5622297A4B96AC8B /* Resources */,
				BAAE3AC6C91526AFB90A5CFF /* Frameworks */,
			);
			buildRules = (
			);
			dependencies = (
			);
			name = "Moya-ModelMapper";
			productName = "Moya-ModelMapper";
			productReference = D110D873C969A7951B137607 /* Moya_ModelMapper.framework */;
			productType = "com.apple.product-type.framework";
		};
		F3C8B5F0801DDF315AF8ABBD /* ReactiveMoya-ModelMapper */ = {
			isa = PBXNativeTarget;
			buildConfigurationList = 6DD3201AA50614335FC2A3CC /* Build configuration list for PBXNativeTarget "ReactiveMoya-ModelMapper" */;
			buildPhases = (
				31563E1E855B590D875F001A /* Sources */,
				94C64E93E77F5B6037390CB1 /* Resources */,
				FFD8869521A26BD13ACB4197 /* Frameworks */,
			);
			buildRules = (
			);
			dependencies = (
			);
			name = "ReactiveMoya-ModelMapper";
			productName = "ReactiveMoya-ModelMapper";
			productReference = 486CCF16E207E67D4B7DFCD1 /* ReactiveMoya_ModelMapper.framework */;
			productType = "com.apple.product-type.framework";
		};
		FA69A356781D796BC6E2B7F1 /* RxMoya-ModelMapper */ = {
			isa = PBXNativeTarget;
			buildConfigurationList = 6902BFD8BF3CFCF593639F48 /* Build configuration list for PBXNativeTarget "RxMoya-ModelMapper" */;
			buildPhases = (
				233E12BAF28AD91EE63E4830 /* Sources */,
				AAE5871F9339E478894A277C /* Resources */,
				A061A5EF2EA238DC5791A26D /* Frameworks */,
			);
			buildRules = (
			);
			dependencies = (
			);
			name = "RxMoya-ModelMapper";
			productName = "RxMoya-ModelMapper";
			productReference = 3C72AC83CA40E875586C9C88 /* RxMoya_ModelMapper.framework */;
			productType = "com.apple.product-type.framework";
		};
/* End PBXNativeTarget section */

/* Begin PBXProject section */
		E31311AA9BB05082346610D1 /* Project object */ = {
			isa = PBXProject;
			attributes = {
				LastSwiftUpdateCheck = 0930;
				LastUpgradeCheck = 0930;
			};
			buildConfigurationList = 47A8C15DE25DE7320958DAC1 /* Build configuration list for PBXProject "Moya-ModelMapper" */;
			compatibilityVersion = "Xcode 3.2";
			developmentRegion = English;
			hasScannedForEncodings = 0;
			knownRegions = (
				English,
				en,
			);
			mainGroup = 92DA3F3914789FF3E0DB3CB0;
			productRefGroup = 7F0ABD075288C07D10C8E63A /* Products */;
			projectDirPath = "";
			projectRoot = "";
			targets = (
				CB01E6B39A00A8E944BEB061 /* Moya-ModelMapper */,
				F3C8B5F0801DDF315AF8ABBD /* ReactiveMoya-ModelMapper */,
				FA69A356781D796BC6E2B7F1 /* RxMoya-ModelMapper */,
				07A9CF174BAC76BEF41F0DB6 /* Moya-ModelMapperTests */,
			);
		};
/* End PBXProject section */

/* Begin PBXResourcesBuildPhase section */
		10B4018CDD9E64621D6AD0F4 /* Resources */ = {
			isa = PBXResourcesBuildPhase;
			buildActionMask = 2147483647;
			files = (
			);
			runOnlyForDeploymentPostprocessing = 0;
		};
		8A0B26AE5622297A4B96AC8B /* Resources */ = {
			isa = PBXResourcesBuildPhase;
			buildActionMask = 2147483647;
			files = (
			);
			runOnlyForDeploymentPostprocessing = 0;
		};
		94C64E93E77F5B6037390CB1 /* Resources */ = {
			isa = PBXResourcesBuildPhase;
			buildActionMask = 2147483647;
			files = (
			);
			runOnlyForDeploymentPostprocessing = 0;
		};
		AAE5871F9339E478894A277C /* Resources */ = {
			isa = PBXResourcesBuildPhase;
			buildActionMask = 2147483647;
			files = (
			);
			runOnlyForDeploymentPostprocessing = 0;
		};
/* End PBXResourcesBuildPhase section */

/* Begin PBXShellScriptBuildPhase section */
		E5CA85FE0DE964BD813493E3 /* Copy Carthage Frameworks */ = {
			isa = PBXShellScriptBuildPhase;
			buildActionMask = 2147483647;
			files = (
			);
			inputFileListPaths = (
			);
			inputPaths = (
				Quick.framework,
				Nimble.framework,
				Alamofire.framework,
				ReactiveSwift.framework,
				RxSwift.framework,
				Moya.framework,
				Mapper.framework,
			);
			name = "Copy Carthage Frameworks";
			outputFileListPaths = (
			);
			outputPaths = (
			);
			runOnlyForDeploymentPostprocessing = 0;
			shellPath = /bin/sh;
			shellScript = " exec \"${SRCROOT}/scripts/copy-carthage-frameworks.sh\"\n";
		};
/* End PBXShellScriptBuildPhase section */

/* Begin PBXSourcesBuildPhase section */
		233E12BAF28AD91EE63E4830 /* Sources */ = {
			isa = PBXSourcesBuildPhase;
			buildActionMask = 2147483647;
			files = (
				641507C8719F8204F8E1490B /* ObservableAvailability.swift in Sources */,
				EB62AFCC30C2F8EFB0361E0C /* Observable+ModelMapper.swift in Sources */,
				356ACA44EB53392E7F7EA967 /* Single+ModelMapper.swift in Sources */,
			);
			runOnlyForDeploymentPostprocessing = 0;
		};
		31563E1E855B590D875F001A /* Sources */ = {
			isa = PBXSourcesBuildPhase;
			buildActionMask = 2147483647;
			files = (
				68B79BD5B36CD2870AF5A59B /* SignalProducerAvailability.swift in Sources */,
				88C16FD91FE9F148818659A6 /* SignalProducer+ModelMapper.swift in Sources */,
			);
			runOnlyForDeploymentPostprocessing = 0;
		};
		9DAAD77CCE98255F29E26E06 /* Sources */ = {
			isa = PBXSourcesBuildPhase;
			buildActionMask = 2147483647;
			files = (
				FD1D86A69093797E5E9689D0 /* Array+Shims.swift in Sources */,
				F90929FE3776DA014F84A90B /* Response+ModelMapper.swift in Sources */,
				873B371C22A23232FC1627B6 /* ResponseAvailability.swift in Sources */,
			);
			runOnlyForDeploymentPostprocessing = 0;
		};
		C62745A16436A5A24AB7DA40 /* Sources */ = {
			isa = PBXSourcesBuildPhase;
			buildActionMask = 2147483647;
			files = (
				ED0076D7FCFAB92EC7BFA79B /* SignalProducerTests.swift in Sources */,
				2721FADCE5FDB25B734DCCFE /* ObservableResponseTests.swift in Sources */,
				99532958B23F3372AD815218 /* TestMappable.swift in Sources */,
				5135AC4AD816E8E3FC3B5938 /* ResponseTests.swift in Sources */,
				50C376C4227A1BFE3F808A9F /* SingleResponseTests.swift in Sources */,
			);
			runOnlyForDeploymentPostprocessing = 0;
		};
/* End PBXSourcesBuildPhase section */

/* Begin PBXTargetDependency section */
		28FA7A9588F084FA2666A657 /* PBXTargetDependency */ = {
			isa = PBXTargetDependency;
			name = "RxMoya-ModelMapper";
			target = FA69A356781D796BC6E2B7F1 /* RxMoya-ModelMapper */;
			targetProxy = 2D878E417EBD1ACF0564F897 /* PBXContainerItemProxy */;
		};
		57CFE40070D5C069A4DA8130 /* PBXTargetDependency */ = {
			isa = PBXTargetDependency;
			name = "Moya-ModelMapper";
			target = CB01E6B39A00A8E944BEB061 /* Moya-ModelMapper */;
			targetProxy = 30B7F2BFFCF38A4E145960F7 /* PBXContainerItemProxy */;
		};
		E755AC2D74A28333566CCC98 /* PBXTargetDependency */ = {
			isa = PBXTargetDependency;
			name = "ReactiveMoya-ModelMapper";
			target = F3C8B5F0801DDF315AF8ABBD /* ReactiveMoya-ModelMapper */;
			targetProxy = 0FC93A0D87D2D9CC86013E92 /* PBXContainerItemProxy */;
		};
/* End PBXTargetDependency section */

/* Begin XCBuildConfiguration section */
		088AA6672B5CA263EA468090 /* Release */ = {
			isa = XCBuildConfiguration;
			buildSettings = {
				ALWAYS_SEARCH_USER_PATHS = NO;
				CLANG_ANALYZER_NONNULL = YES;
				CLANG_ANALYZER_NUMBER_OBJECT_CONVERSION = YES_AGGRESSIVE;
				CLANG_CXX_LANGUAGE_STANDARD = "gnu++14";
				CLANG_CXX_LIBRARY = "libc++";
				CLANG_ENABLE_MODULES = YES;
				CLANG_ENABLE_OBJC_ARC = YES;
				CLANG_ENABLE_OBJC_WEAK = YES;
				CLANG_WARN_BLOCK_CAPTURE_AUTORELEASING = YES;
				CLANG_WARN_BOOL_CONVERSION = YES;
				CLANG_WARN_COMMA = YES;
				CLANG_WARN_CONSTANT_CONVERSION = YES;
				CLANG_WARN_DEPRECATED_OBJC_IMPLEMENTATIONS = YES;
				CLANG_WARN_DIRECT_OBJC_ISA_USAGE = YES_ERROR;
				CLANG_WARN_DOCUMENTATION_COMMENTS = YES;
				CLANG_WARN_EMPTY_BODY = YES;
				CLANG_WARN_ENUM_CONVERSION = YES;
				CLANG_WARN_INFINITE_RECURSION = YES;
				CLANG_WARN_INT_CONVERSION = YES;
				CLANG_WARN_NON_LITERAL_NULL_CONVERSION = YES;
				CLANG_WARN_OBJC_IMPLICIT_RETAIN_SELF = YES;
				CLANG_WARN_OBJC_LITERAL_CONVERSION = YES;
				CLANG_WARN_OBJC_ROOT_CLASS = YES_ERROR;
				CLANG_WARN_RANGE_LOOP_ANALYSIS = YES;
				CLANG_WARN_STRICT_PROTOTYPES = YES;
				CLANG_WARN_SUSPICIOUS_MOVE = YES;
				CLANG_WARN_UNGUARDED_AVAILABILITY = YES_AGGRESSIVE;
				CLANG_WARN_UNREACHABLE_CODE = YES;
				CLANG_WARN__DUPLICATE_METHOD_MATCH = YES;
				CODE_SIGN_IDENTITY = "";
				COMBINE_HIDPI_IMAGES = YES;
				COPY_PHASE_STRIP = NO;
				DEBUG_INFORMATION_FORMAT = "dwarf-with-dsym";
				ENABLE_NS_ASSERTIONS = NO;
				ENABLE_STRICT_OBJC_MSGSEND = YES;
				GCC_C_LANGUAGE_STANDARD = gnu11;
				GCC_NO_COMMON_BLOCKS = YES;
				GCC_WARN_64_TO_32_BIT_CONVERSION = YES;
				GCC_WARN_ABOUT_RETURN_TYPE = YES_ERROR;
				GCC_WARN_UNDECLARED_SELECTOR = YES;
				GCC_WARN_UNINITIALIZED_AUTOS = YES_AGGRESSIVE;
				GCC_WARN_UNUSED_FUNCTION = YES;
				GCC_WARN_UNUSED_VARIABLE = YES;
				IPHONEOS_DEPLOYMENT_TARGET = 10.0;
				MACOSX_DEPLOYMENT_TARGET = 10.12;
				MTL_ENABLE_DEBUG_INFO = NO;
				MTL_FAST_MATH = YES;
				PRODUCT_NAME = "$(TARGET_NAME)";
				SDKROOT = macosx;
				SWIFT_COMPILATION_MODE = wholemodule;
				SWIFT_OPTIMIZATION_LEVEL = "-Owholemodule";
				SWIFT_VERSION = 4.2;
				TARGETED_DEVICE_FAMILY = "1,2,3,4";
				TVOS_DEPLOYMENT_TARGET = 10.0;
				WATCHOS_DEPLOYMENT_TARGET = 3.0;
			};
			name = Release;
		};
		15C09D2362455DCD3EB6709C /* Release */ = {
			isa = XCBuildConfiguration;
			buildSettings = {
				APPLICATION_EXTENSION_API_ONLY = NO;
				"FRAMEWORK_SEARCH_PATHS[sdk=appletv*]" = (
					"$(SRCROOT)/Carthage/Build/tvOS/",
					"$(inherited)",
				);
				"FRAMEWORK_SEARCH_PATHS[sdk=iphone*]" = (
					"$(SRCROOT)/Carthage/Build/iOS/",
					"$(inherited)",
				);
				"FRAMEWORK_SEARCH_PATHS[sdk=macosx*]" = (
					"$(SRCROOT)/Carthage/Build/Mac/",
					"$(inherited)",
				);
				"FRAMEWORK_SEARCH_PATHS[sdk=watch*]" = (
					"$(SRCROOT)/Carthage/Build/watchOS/",
					"$(inherited)",
				);
				INFOPLIST_FILE = Tests/Info.plist;
				LD_RUNPATH_SEARCH_PATHS = "$(inherited) @executable_path/Frameworks @loader_path/Frameworks";
				"LD_RUNPATH_SEARCH_PATHS[sdk=macosx*]" = "$(inherited) @executable_path/../Frameworks @loader_path/../Frameworks";
				PRODUCT_BUNDLE_IDENTIFIER = com.sunshinejr.MoyaModelMapperTests;
				SDKROOT = macosx;
				SUPPORTED_PLATFORMS = "macosx iphoneos iphonesimulator appletvos appletvsimulator watchos watchsimulator";
				SWIFT_VERSION = 5.0;
			};
			name = Release;
		};
		31388CB6DD8CEC741C8C3FA4 /* Debug */ = {
			isa = XCBuildConfiguration;
			buildSettings = {
				ALWAYS_SEARCH_USER_PATHS = NO;
				CLANG_ANALYZER_NONNULL = YES;
				CLANG_ANALYZER_NUMBER_OBJECT_CONVERSION = YES_AGGRESSIVE;
				CLANG_CXX_LANGUAGE_STANDARD = "gnu++14";
				CLANG_CXX_LIBRARY = "libc++";
				CLANG_ENABLE_MODULES = YES;
				CLANG_ENABLE_OBJC_ARC = YES;
				CLANG_ENABLE_OBJC_WEAK = YES;
				CLANG_WARN_BLOCK_CAPTURE_AUTORELEASING = YES;
				CLANG_WARN_BOOL_CONVERSION = YES;
				CLANG_WARN_COMMA = YES;
				CLANG_WARN_CONSTANT_CONVERSION = YES;
				CLANG_WARN_DEPRECATED_OBJC_IMPLEMENTATIONS = YES;
				CLANG_WARN_DIRECT_OBJC_ISA_USAGE = YES_ERROR;
				CLANG_WARN_DOCUMENTATION_COMMENTS = YES;
				CLANG_WARN_EMPTY_BODY = YES;
				CLANG_WARN_ENUM_CONVERSION = YES;
				CLANG_WARN_INFINITE_RECURSION = YES;
				CLANG_WARN_INT_CONVERSION = YES;
				CLANG_WARN_NON_LITERAL_NULL_CONVERSION = YES;
				CLANG_WARN_OBJC_IMPLICIT_RETAIN_SELF = YES;
				CLANG_WARN_OBJC_LITERAL_CONVERSION = YES;
				CLANG_WARN_OBJC_ROOT_CLASS = YES_ERROR;
				CLANG_WARN_RANGE_LOOP_ANALYSIS = YES;
				CLANG_WARN_STRICT_PROTOTYPES = YES;
				CLANG_WARN_SUSPICIOUS_MOVE = YES;
				CLANG_WARN_UNGUARDED_AVAILABILITY = YES_AGGRESSIVE;
				CLANG_WARN_UNREACHABLE_CODE = YES;
				CLANG_WARN__DUPLICATE_METHOD_MATCH = YES;
				CODE_SIGN_IDENTITY = "";
				COMBINE_HIDPI_IMAGES = YES;
				COPY_PHASE_STRIP = NO;
				DEBUG_INFORMATION_FORMAT = dwarf;
				ENABLE_STRICT_OBJC_MSGSEND = YES;
				ENABLE_TESTABILITY = YES;
				GCC_C_LANGUAGE_STANDARD = gnu11;
				GCC_DYNAMIC_NO_PIC = NO;
				GCC_NO_COMMON_BLOCKS = YES;
				GCC_OPTIMIZATION_LEVEL = 0;
				GCC_PREPROCESSOR_DEFINITIONS = (
					"DEBUG=1",
					"$(inherited)",
				);
				GCC_WARN_64_TO_32_BIT_CONVERSION = YES;
				GCC_WARN_ABOUT_RETURN_TYPE = YES_ERROR;
				GCC_WARN_UNDECLARED_SELECTOR = YES;
				GCC_WARN_UNINITIALIZED_AUTOS = YES_AGGRESSIVE;
				GCC_WARN_UNUSED_FUNCTION = YES;
				GCC_WARN_UNUSED_VARIABLE = YES;
				IPHONEOS_DEPLOYMENT_TARGET = 10.0;
				MACOSX_DEPLOYMENT_TARGET = 10.12;
				MTL_ENABLE_DEBUG_INFO = INCLUDE_SOURCE;
				MTL_FAST_MATH = YES;
				ONLY_ACTIVE_ARCH = YES;
				PRODUCT_NAME = "$(TARGET_NAME)";
				SDKROOT = macosx;
				SWIFT_ACTIVE_COMPILATION_CONDITIONS = DEBUG;
				SWIFT_OPTIMIZATION_LEVEL = "-Owholemodule";
				SWIFT_VERSION = 4.2;
				TARGETED_DEVICE_FAMILY = "1,2,3,4";
				TVOS_DEPLOYMENT_TARGET = 10.0;
				WATCHOS_DEPLOYMENT_TARGET = 3.0;
			};
			name = Debug;
		};
		4EBC599F5BA56C3C087771EF /* Release */ = {
			isa = XCBuildConfiguration;
			buildSettings = {
				APPLICATION_EXTENSION_API_ONLY = NO;
				COMBINE_HIDPI_IMAGES = YES;
				CURRENT_PROJECT_VERSION = 1;
				DEFINES_MODULE = YES;
				DYLIB_COMPATIBILITY_VERSION = 1;
				DYLIB_CURRENT_VERSION = 1;
				DYLIB_INSTALL_NAME_BASE = "@rpath";
				"FRAMEWORK_SEARCH_PATHS[sdk=appletv*]" = (
					"$(SRCROOT)/Carthage/Build/tvOS/",
					"$(inherited)",
				);
				"FRAMEWORK_SEARCH_PATHS[sdk=iphone*]" = (
					"$(SRCROOT)/Carthage/Build/iOS/",
					"$(inherited)",
				);
				"FRAMEWORK_SEARCH_PATHS[sdk=macosx*]" = (
					"$(SRCROOT)/Carthage/Build/Mac/",
					"$(inherited)",
				);
				"FRAMEWORK_SEARCH_PATHS[sdk=watch*]" = (
					"$(SRCROOT)/Carthage/Build/watchOS/",
					"$(inherited)",
				);
				FRAMEWORK_VERSION = A;
				INFOPLIST_FILE = "Sources/Supporting Files/Info.plist";
				INSTALL_PATH = "$(LOCAL_LIBRARY_DIR)/Frameworks";
				LD_RUNPATH_SEARCH_PATHS = "$(inherited) @executable_path/../Frameworks @loader_path/Frameworks";
				PRODUCT_BUNDLE_IDENTIFIER = com.sunshinejr.MoyaModelMapper;
				PRODUCT_NAME = "$(TARGET_NAME:c99extidentifier)";
				SDKROOT = macosx;
				SKIP_INSTALL = YES;
				SUPPORTED_PLATFORMS = "macosx iphoneos iphonesimulator appletvos appletvsimulator watchos watchsimulator";
				SWIFT_VERSION = 5.0;
				VERSIONING_SYSTEM = "apple-generic";
				VERSION_INFO_PREFIX = "";
			};
			name = Release;
		};
		5512DC5702E2E2641CC60787 /* Debug */ = {
			isa = XCBuildConfiguration;
			buildSettings = {
				APPLICATION_EXTENSION_API_ONLY = NO;
				COMBINE_HIDPI_IMAGES = YES;
				CURRENT_PROJECT_VERSION = 1;
				DEFINES_MODULE = YES;
				DYLIB_COMPATIBILITY_VERSION = 1;
				DYLIB_CURRENT_VERSION = 1;
				DYLIB_INSTALL_NAME_BASE = "@rpath";
				"FRAMEWORK_SEARCH_PATHS[sdk=appletv*]" = (
					"$(SRCROOT)/Carthage/Build/tvOS/",
					"$(inherited)",
				);
				"FRAMEWORK_SEARCH_PATHS[sdk=iphone*]" = (
					"$(SRCROOT)/Carthage/Build/iOS/",
					"$(inherited)",
				);
				"FRAMEWORK_SEARCH_PATHS[sdk=macosx*]" = (
					"$(SRCROOT)/Carthage/Build/Mac/",
					"$(inherited)",
				);
				"FRAMEWORK_SEARCH_PATHS[sdk=watch*]" = (
					"$(SRCROOT)/Carthage/Build/watchOS/",
					"$(inherited)",
				);
				FRAMEWORK_VERSION = A;
				INFOPLIST_FILE = "Sources/Supporting Files/Info.plist";
				INSTALL_PATH = "$(LOCAL_LIBRARY_DIR)/Frameworks";
				LD_RUNPATH_SEARCH_PATHS = "$(inherited) @executable_path/../Frameworks @loader_path/Frameworks";
				PRODUCT_BUNDLE_IDENTIFIER = com.sunshinejr.RxMoyaModelMapper;
				PRODUCT_NAME = "$(TARGET_NAME:c99extidentifier)";
				SDKROOT = macosx;
				SKIP_INSTALL = YES;
				SUPPORTED_PLATFORMS = "macosx iphoneos iphonesimulator appletvos appletvsimulator watchos watchsimulator";
				SWIFT_VERSION = 5.0;
				VERSIONING_SYSTEM = "apple-generic";
				VERSION_INFO_PREFIX = "";
			};
			name = Debug;
		};
		6175ACF225796E7A46A8AA27 /* Debug */ = {
			isa = XCBuildConfiguration;
			buildSettings = {
				APPLICATION_EXTENSION_API_ONLY = NO;
				COMBINE_HIDPI_IMAGES = YES;
				CURRENT_PROJECT_VERSION = 1;
				DEFINES_MODULE = YES;
				DYLIB_COMPATIBILITY_VERSION = 1;
				DYLIB_CURRENT_VERSION = 1;
				DYLIB_INSTALL_NAME_BASE = "@rpath";
				"FRAMEWORK_SEARCH_PATHS[sdk=appletv*]" = (
					"$(SRCROOT)/Carthage/Build/tvOS/",
					"$(inherited)",
				);
				"FRAMEWORK_SEARCH_PATHS[sdk=iphone*]" = (
					"$(SRCROOT)/Carthage/Build/iOS/",
					"$(inherited)",
				);
				"FRAMEWORK_SEARCH_PATHS[sdk=macosx*]" = (
					"$(SRCROOT)/Carthage/Build/Mac/",
					"$(inherited)",
				);
				"FRAMEWORK_SEARCH_PATHS[sdk=watch*]" = (
					"$(SRCROOT)/Carthage/Build/watchOS/",
					"$(inherited)",
				);
				FRAMEWORK_VERSION = A;
				INFOPLIST_FILE = "Sources/Supporting Files/Info.plist";
				INSTALL_PATH = "$(LOCAL_LIBRARY_DIR)/Frameworks";
				LD_RUNPATH_SEARCH_PATHS = "$(inherited) @executable_path/../Frameworks @loader_path/Frameworks";
				PRODUCT_BUNDLE_IDENTIFIER = com.sunshinejr.MoyaModelMapper;
				PRODUCT_NAME = "$(TARGET_NAME:c99extidentifier)";
				SDKROOT = macosx;
				SKIP_INSTALL = YES;
				SUPPORTED_PLATFORMS = "macosx iphoneos iphonesimulator appletvos appletvsimulator watchos watchsimulator";
				SWIFT_VERSION = 5.0;
				VERSIONING_SYSTEM = "apple-generic";
				VERSION_INFO_PREFIX = "";
			};
			name = Debug;
		};
		724AF59D3C531E45D50821AF /* Debug */ = {
			isa = XCBuildConfiguration;
			buildSettings = {
				APPLICATION_EXTENSION_API_ONLY = NO;
				COMBINE_HIDPI_IMAGES = YES;
				CURRENT_PROJECT_VERSION = 1;
				DEFINES_MODULE = YES;
				DYLIB_COMPATIBILITY_VERSION = 1;
				DYLIB_CURRENT_VERSION = 1;
				DYLIB_INSTALL_NAME_BASE = "@rpath";
				"FRAMEWORK_SEARCH_PATHS[sdk=appletv*]" = (
					"$(SRCROOT)/Carthage/Build/tvOS/",
					"$(inherited)",
				);
				"FRAMEWORK_SEARCH_PATHS[sdk=iphone*]" = (
					"$(SRCROOT)/Carthage/Build/iOS/",
					"$(inherited)",
				);
				"FRAMEWORK_SEARCH_PATHS[sdk=macosx*]" = (
					"$(SRCROOT)/Carthage/Build/Mac/",
					"$(inherited)",
				);
				"FRAMEWORK_SEARCH_PATHS[sdk=watch*]" = (
					"$(SRCROOT)/Carthage/Build/watchOS/",
					"$(inherited)",
				);
				FRAMEWORK_VERSION = A;
				INFOPLIST_FILE = "Sources/Supporting Files/Info.plist";
				INSTALL_PATH = "$(LOCAL_LIBRARY_DIR)/Frameworks";
				LD_RUNPATH_SEARCH_PATHS = "$(inherited) @executable_path/../Frameworks @loader_path/Frameworks";
				PRODUCT_BUNDLE_IDENTIFIER = com.sunshinejr.ReactiveMoyaModelMapper;
				PRODUCT_NAME = "$(TARGET_NAME:c99extidentifier)";
				SDKROOT = macosx;
				SKIP_INSTALL = YES;
				SUPPORTED_PLATFORMS = "macosx iphoneos iphonesimulator appletvos appletvsimulator watchos watchsimulator";
				SWIFT_VERSION = 5.0;
				VERSIONING_SYSTEM = "apple-generic";
				VERSION_INFO_PREFIX = "";
			};
			name = Debug;
		};
		B83143D3267ED983A94CD4C5 /* Release */ = {
			isa = XCBuildConfiguration;
			buildSettings = {
				APPLICATION_EXTENSION_API_ONLY = NO;
				COMBINE_HIDPI_IMAGES = YES;
				CURRENT_PROJECT_VERSION = 1;
				DEFINES_MODULE = YES;
				DYLIB_COMPATIBILITY_VERSION = 1;
				DYLIB_CURRENT_VERSION = 1;
				DYLIB_INSTALL_NAME_BASE = "@rpath";
				"FRAMEWORK_SEARCH_PATHS[sdk=appletv*]" = (
					"$(SRCROOT)/Carthage/Build/tvOS/",
					"$(inherited)",
				);
				"FRAMEWORK_SEARCH_PATHS[sdk=iphone*]" = (
					"$(SRCROOT)/Carthage/Build/iOS/",
					"$(inherited)",
				);
				"FRAMEWORK_SEARCH_PATHS[sdk=macosx*]" = (
					"$(SRCROOT)/Carthage/Build/Mac/",
					"$(inherited)",
				);
				"FRAMEWORK_SEARCH_PATHS[sdk=watch*]" = (
					"$(SRCROOT)/Carthage/Build/watchOS/",
					"$(inherited)",
				);
				FRAMEWORK_VERSION = A;
				INFOPLIST_FILE = "Sources/Supporting Files/Info.plist";
				INSTALL_PATH = "$(LOCAL_LIBRARY_DIR)/Frameworks";
				LD_RUNPATH_SEARCH_PATHS = "$(inherited) @executable_path/../Frameworks @loader_path/Frameworks";
				PRODUCT_BUNDLE_IDENTIFIER = com.sunshinejr.RxMoyaModelMapper;
				PRODUCT_NAME = "$(TARGET_NAME:c99extidentifier)";
				SDKROOT = macosx;
				SKIP_INSTALL = YES;
				SUPPORTED_PLATFORMS = "macosx iphoneos iphonesimulator appletvos appletvsimulator watchos watchsimulator";
				SWIFT_VERSION = 5.0;
				VERSIONING_SYSTEM = "apple-generic";
				VERSION_INFO_PREFIX = "";
			};
			name = Release;
		};
		D6BEB0C8DAB1075C170785C2 /* Debug */ = {
			isa = XCBuildConfiguration;
			buildSettings = {
				APPLICATION_EXTENSION_API_ONLY = NO;
				"FRAMEWORK_SEARCH_PATHS[sdk=appletv*]" = (
					"$(SRCROOT)/Carthage/Build/tvOS/",
					"$(inherited)",
				);
				"FRAMEWORK_SEARCH_PATHS[sdk=iphone*]" = (
					"$(SRCROOT)/Carthage/Build/iOS/",
					"$(inherited)",
				);
				"FRAMEWORK_SEARCH_PATHS[sdk=macosx*]" = (
					"$(SRCROOT)/Carthage/Build/Mac/",
					"$(inherited)",
				);
				"FRAMEWORK_SEARCH_PATHS[sdk=watch*]" = (
					"$(SRCROOT)/Carthage/Build/watchOS/",
					"$(inherited)",
				);
				INFOPLIST_FILE = Tests/Info.plist;
				LD_RUNPATH_SEARCH_PATHS = "$(inherited) @executable_path/Frameworks @loader_path/Frameworks";
				"LD_RUNPATH_SEARCH_PATHS[sdk=macosx*]" = "$(inherited) @executable_path/../Frameworks @loader_path/../Frameworks";
				PRODUCT_BUNDLE_IDENTIFIER = com.sunshinejr.MoyaModelMapperTests;
				SDKROOT = macosx;
				SUPPORTED_PLATFORMS = "macosx iphoneos iphonesimulator appletvos appletvsimulator watchos watchsimulator";
				SWIFT_VERSION = 5.0;
			};
			name = Debug;
		};
		F2D4823B26FD6080E7F1EEB3 /* Release */ = {
			isa = XCBuildConfiguration;
			buildSettings = {
				APPLICATION_EXTENSION_API_ONLY = NO;
				COMBINE_HIDPI_IMAGES = YES;
				CURRENT_PROJECT_VERSION = 1;
				DEFINES_MODULE = YES;
				DYLIB_COMPATIBILITY_VERSION = 1;
				DYLIB_CURRENT_VERSION = 1;
				DYLIB_INSTALL_NAME_BASE = "@rpath";
				"FRAMEWORK_SEARCH_PATHS[sdk=appletv*]" = (
					"$(SRCROOT)/Carthage/Build/tvOS/",
					"$(inherited)",
				);
				"FRAMEWORK_SEARCH_PATHS[sdk=iphone*]" = (
					"$(SRCROOT)/Carthage/Build/iOS/",
					"$(inherited)",
				);
				"FRAMEWORK_SEARCH_PATHS[sdk=macosx*]" = (
					"$(SRCROOT)/Carthage/Build/Mac/",
					"$(inherited)",
				);
				"FRAMEWORK_SEARCH_PATHS[sdk=watch*]" = (
					"$(SRCROOT)/Carthage/Build/watchOS/",
					"$(inherited)",
				);
				FRAMEWORK_VERSION = A;
				INFOPLIST_FILE = "Sources/Supporting Files/Info.plist";
				INSTALL_PATH = "$(LOCAL_LIBRARY_DIR)/Frameworks";
				LD_RUNPATH_SEARCH_PATHS = "$(inherited) @executable_path/../Frameworks @loader_path/Frameworks";
				PRODUCT_BUNDLE_IDENTIFIER = com.sunshinejr.ReactiveMoyaModelMapper;
				PRODUCT_NAME = "$(TARGET_NAME:c99extidentifier)";
				SDKROOT = macosx;
				SKIP_INSTALL = YES;
				SUPPORTED_PLATFORMS = "macosx iphoneos iphonesimulator appletvos appletvsimulator watchos watchsimulator";
				SWIFT_VERSION = 5.0;
				VERSIONING_SYSTEM = "apple-generic";
				VERSION_INFO_PREFIX = "";
			};
			name = Release;
		};
/* End XCBuildConfiguration section */

/* Begin XCConfigurationList section */
		0FA63F9FE0A5C3136A9DF254 /* Build configuration list for PBXNativeTarget "Moya-ModelMapper" */ = {
			isa = XCConfigurationList;
			buildConfigurations = (
				4EBC599F5BA56C3C087771EF /* Release */,
				6175ACF225796E7A46A8AA27 /* Debug */,
			);
			defaultConfigurationIsVisible = 0;
			defaultConfigurationName = Release;
		};
		47A8C15DE25DE7320958DAC1 /* Build configuration list for PBXProject "Moya-ModelMapper" */ = {
			isa = XCConfigurationList;
			buildConfigurations = (
				31388CB6DD8CEC741C8C3FA4 /* Debug */,
				088AA6672B5CA263EA468090 /* Release */,
			);
			defaultConfigurationIsVisible = 0;
			defaultConfigurationName = Release;
		};
		6902BFD8BF3CFCF593639F48 /* Build configuration list for PBXNativeTarget "RxMoya-ModelMapper" */ = {
			isa = XCConfigurationList;
			buildConfigurations = (
				B83143D3267ED983A94CD4C5 /* Release */,
				5512DC5702E2E2641CC60787 /* Debug */,
			);
			defaultConfigurationIsVisible = 0;
			defaultConfigurationName = Release;
		};
		6DD3201AA50614335FC2A3CC /* Build configuration list for PBXNativeTarget "ReactiveMoya-ModelMapper" */ = {
			isa = XCConfigurationList;
			buildConfigurations = (
				F2D4823B26FD6080E7F1EEB3 /* Release */,
				724AF59D3C531E45D50821AF /* Debug */,
			);
			defaultConfigurationIsVisible = 0;
			defaultConfigurationName = Release;
		};
		FD59C4D2F05A7996A33C7F62 /* Build configuration list for PBXNativeTarget "Moya-ModelMapperTests" */ = {
			isa = XCConfigurationList;
			buildConfigurations = (
				15C09D2362455DCD3EB6709C /* Release */,
				D6BEB0C8DAB1075C170785C2 /* Debug */,
			);
			defaultConfigurationIsVisible = 0;
			defaultConfigurationName = Release;
		};
/* End XCConfigurationList section */
	};
	rootObject = E31311AA9BB05082346610D1 /* Project object */;
}
