// !$*UTF8*$!
{
	archiveVersion = 1;
	classes = {
	};
	objectVersion = 46;
	objects = {

/* Begin PBXBuildFile section */
		12CED7B02E5842404390863C /* Moya_ModelMapper.framework in Frameworks */ = {isa = PBXBuildFile; fileRef = F79D259FB2830ACF6B15C2A4 /* Moya_ModelMapper.framework */; };
		4026154FC423DA1242D408B2 /* SignalProducerAvailability.swift in Sources */ = {isa = PBXBuildFile; fileRef = 3FCC7B1F59762F9A0E4952FA /* SignalProducerAvailability.swift */; };
		5FBF3E5C8635165E47D7951E /* ResponseAvailability.swift in Sources */ = {isa = PBXBuildFile; fileRef = A08BBAB8D616ED9113151EF8 /* ResponseAvailability.swift */; };
		7F259862091BA02C8615A2B2 /* ObservableAvailability.swift in Sources */ = {isa = PBXBuildFile; fileRef = 1DD01E5FDD840D057719FD2F /* ObservableAvailability.swift */; };
		87E9E4C8A49D063BCFA5AED4 /* SignalProducer+ModelMapper.swift in Sources */ = {isa = PBXBuildFile; fileRef = 4F942567AED1DDC03C6CCD96 /* SignalProducer+ModelMapper.swift */; };
		9837A0AEEF5D3EC6CD907707 /* Response+ModelMapper.swift in Sources */ = {isa = PBXBuildFile; fileRef = B236D13D871453966419A2B1 /* Response+ModelMapper.swift */; };
		98CCCE0DA54F53F1C7CE8EAD /* Single+ModelMapper.swift in Sources */ = {isa = PBXBuildFile; fileRef = 4781241E0AF46ABE6517C23D /* Single+ModelMapper.swift */; };
		B29DCFEB8DD02361DE937186 /* Observable+ModelMapper.swift in Sources */ = {isa = PBXBuildFile; fileRef = 3D603A24D47377D95A284401 /* Observable+ModelMapper.swift */; };
		E9BCBE428B098D5C029C2B3F /* Moya_ModelMapper.framework in Frameworks */ = {isa = PBXBuildFile; fileRef = F79D259FB2830ACF6B15C2A4 /* Moya_ModelMapper.framework */; };
/* End PBXBuildFile section */

/* Begin PBXFileReference section */
		1DD01E5FDD840D057719FD2F /* ObservableAvailability.swift */ = {isa = PBXFileReference; includeInIndex = 1; lastKnownFileType = sourcecode.swift; name = ObservableAvailability.swift; path = "Sources/RxMoya-ModelMapper/ObservableAvailability.swift"; sourceTree = "<group>"; };
		3D603A24D47377D95A284401 /* Observable+ModelMapper.swift */ = {isa = PBXFileReference; includeInIndex = 1; lastKnownFileType = sourcecode.swift; name = "Observable+ModelMapper.swift"; path = "Sources/RxMoya-ModelMapper/Observable+ModelMapper.swift"; sourceTree = "<group>"; };
		3FCC7B1F59762F9A0E4952FA /* SignalProducerAvailability.swift */ = {isa = PBXFileReference; includeInIndex = 1; lastKnownFileType = sourcecode.swift; name = SignalProducerAvailability.swift; path = "Sources/ReactiveMoya-ModelMapper/SignalProducerAvailability.swift"; sourceTree = "<group>"; };
		4781241E0AF46ABE6517C23D /* Single+ModelMapper.swift */ = {isa = PBXFileReference; includeInIndex = 1; lastKnownFileType = sourcecode.swift; name = "Single+ModelMapper.swift"; path = "Sources/RxMoya-ModelMapper/Single+ModelMapper.swift"; sourceTree = "<group>"; };
		4F942567AED1DDC03C6CCD96 /* SignalProducer+ModelMapper.swift */ = {isa = PBXFileReference; includeInIndex = 1; lastKnownFileType = sourcecode.swift; name = "SignalProducer+ModelMapper.swift"; path = "Sources/ReactiveMoya-ModelMapper/SignalProducer+ModelMapper.swift"; sourceTree = "<group>"; };
		A08BBAB8D616ED9113151EF8 /* ResponseAvailability.swift */ = {isa = PBXFileReference; includeInIndex = 1; lastKnownFileType = sourcecode.swift; name = ResponseAvailability.swift; path = "Sources/Moya-ModelMapper/ResponseAvailability.swift"; sourceTree = "<group>"; };
		A37953D9E61252C674E78EE4 /* ReactiveMoya-ModelMapper.framework */ = {isa = PBXFileReference; explicitFileType = wrapper.framework; includeInIndex = 0; name = "ReactiveMoya-ModelMapper.framework"; path = ReactiveMoya_ModelMapper.framework; sourceTree = BUILT_PRODUCTS_DIR; };
		AE032B316598598287DC124F /* Info.plist */ = {isa = PBXFileReference; includeInIndex = 1; lastKnownFileType = text.plist.xml; name = Info.plist; path = "Sources/Supporting Files/Info.plist"; sourceTree = "<group>"; };
		B236D13D871453966419A2B1 /* Response+ModelMapper.swift */ = {isa = PBXFileReference; includeInIndex = 1; lastKnownFileType = sourcecode.swift; name = "Response+ModelMapper.swift"; path = "Sources/Moya-ModelMapper/Response+ModelMapper.swift"; sourceTree = "<group>"; };
		F79D259FB2830ACF6B15C2A4 /* Moya_ModelMapper.framework */ = {isa = PBXFileReference; explicitFileType = wrapper.framework; includeInIndex = 0; path = Moya_ModelMapper.framework; sourceTree = BUILT_PRODUCTS_DIR; };
		FC4E7AF93EC3A2935C8DD35F /* RxMoya-ModelMapper.framework */ = {isa = PBXFileReference; explicitFileType = wrapper.framework; includeInIndex = 0; name = "RxMoya-ModelMapper.framework"; path = RxMoya_ModelMapper.framework; sourceTree = BUILT_PRODUCTS_DIR; };
/* End PBXFileReference section */

/* Begin PBXFrameworksBuildPhase section */
		1F042017A95798022D58B565 /* Frameworks */ = {
			isa = PBXFrameworksBuildPhase;
			buildActionMask = 2147483647;
			files = (
				E9BCBE428B098D5C029C2B3F /* Moya_ModelMapper.framework in Frameworks */,
			);
			runOnlyForDeploymentPostprocessing = 0;
		};
		8639F0C0E6EC665DD368F199 /* Frameworks */ = {
			isa = PBXFrameworksBuildPhase;
			buildActionMask = 2147483647;
			files = (
				12CED7B02E5842404390863C /* Moya_ModelMapper.framework in Frameworks */,
			);
			runOnlyForDeploymentPostprocessing = 0;
		};
		D598D052241C2B0CD24BFC79 /* Frameworks */ = {
			isa = PBXFrameworksBuildPhase;
			buildActionMask = 2147483647;
			files = (
			);
			runOnlyForDeploymentPostprocessing = 0;
		};
/* End PBXFrameworksBuildPhase section */

/* Begin PBXGroup section */
		5501753A65E28B40343958CE /* Supporting Files */ = {
			isa = PBXGroup;
			children = (
				AE032B316598598287DC124F /* Info.plist */,
			);
			name = "Supporting Files";
			sourceTree = "<group>";
		};
		90CA4F2102B75757EC5BF263 /* Moya-ModelMapper */ = {
			isa = PBXGroup;
			children = (
				B236D13D871453966419A2B1 /* Response+ModelMapper.swift */,
				A08BBAB8D616ED9113151EF8 /* ResponseAvailability.swift */,
			);
			name = "Moya-ModelMapper";
			sourceTree = "<group>";
		};
		AF1740CCBAE50FC120A52949 /* ReactiveMoya-ModelMapper */ = {
			isa = PBXGroup;
			children = (
				3FCC7B1F59762F9A0E4952FA /* SignalProducerAvailability.swift */,
				4F942567AED1DDC03C6CCD96 /* SignalProducer+ModelMapper.swift */,
			);
			name = "ReactiveMoya-ModelMapper";
			sourceTree = "<group>";
		};
		B4D419F40B3C6E248FB969E9 /* RxMoya-ModelMapper */ = {
			isa = PBXGroup;
			children = (
				1DD01E5FDD840D057719FD2F /* ObservableAvailability.swift */,
				3D603A24D47377D95A284401 /* Observable+ModelMapper.swift */,
				4781241E0AF46ABE6517C23D /* Single+ModelMapper.swift */,
			);
			name = "RxMoya-ModelMapper";
			sourceTree = "<group>";
		};
		C88F7555D27A9BE25500C1D2 = {
			isa = PBXGroup;
			children = (
				F803B76F506A13325AF9CE42 /* Products */,
				DD56829B61253E4CB2923295 /* Frameworks */,
				E04EB941E701BCBCF3F00D89 /* Sources */,
			);
			sourceTree = "<group>";
		};
		DD56829B61253E4CB2923295 /* Frameworks */ = {
			isa = PBXGroup;
			children = (
			);
			name = Frameworks;
			sourceTree = "<group>";
		};
		E04EB941E701BCBCF3F00D89 /* Sources */ = {
			isa = PBXGroup;
			children = (
				5501753A65E28B40343958CE /* Supporting Files */,
				90CA4F2102B75757EC5BF263 /* Moya-ModelMapper */,
				AF1740CCBAE50FC120A52949 /* ReactiveMoya-ModelMapper */,
				B4D419F40B3C6E248FB969E9 /* RxMoya-ModelMapper */,
			);
			name = Sources;
			sourceTree = "<group>";
		};
		F803B76F506A13325AF9CE42 /* Products */ = {
			isa = PBXGroup;
			children = (
				F79D259FB2830ACF6B15C2A4 /* Moya_ModelMapper.framework */,
				A37953D9E61252C674E78EE4 /* ReactiveMoya-ModelMapper.framework */,
				FC4E7AF93EC3A2935C8DD35F /* RxMoya-ModelMapper.framework */,
			);
			name = Products;
			sourceTree = "<group>";
		};
/* End PBXGroup section */

/* Begin PBXNativeTarget section */
		135A803413C025EE85FBC67B /* ReactiveMoya-ModelMapper */ = {
			isa = PBXNativeTarget;
			buildConfigurationList = 426E7BEE4A748A0E2B89A1D5 /* Build configuration list for PBXNativeTarget "ReactiveMoya-ModelMapper" */;
			buildPhases = (
				34407E4DED32ADE9EAF89CA0 /* Sources */,
				B56C2DB7E268C765E8C20492 /* Resources */,
				1F042017A95798022D58B565 /* Frameworks */,
			);
			buildRules = (
			);
			dependencies = (
			);
			name = "ReactiveMoya-ModelMapper";
			productName = "ReactiveMoya-ModelMapper";
			productReference = A37953D9E61252C674E78EE4 /* ReactiveMoya-ModelMapper.framework */;
			productType = "com.apple.product-type.framework";
		};
		731CF91AF49075E22DCBF8A1 /* Moya-ModelMapper */ = {
			isa = PBXNativeTarget;
			buildConfigurationList = 9A213CBAEE9D16DBC485AB5E /* Build configuration list for PBXNativeTarget "Moya-ModelMapper" */;
			buildPhases = (
				7638009AE736A5E47E99F39F /* Sources */,
				8B1C197C1D42E9B4DAADDB4A /* Resources */,
				D598D052241C2B0CD24BFC79 /* Frameworks */,
			);
			buildRules = (
			);
			dependencies = (
			);
			name = "Moya-ModelMapper";
			productName = "Moya-ModelMapper";
			productReference = F79D259FB2830ACF6B15C2A4 /* Moya_ModelMapper.framework */;
			productType = "com.apple.product-type.framework";
		};
		94B24D9C8CD7CF4310873169 /* RxMoya-ModelMapper */ = {
			isa = PBXNativeTarget;
			buildConfigurationList = 2EB98D0C97A924760CED37EF /* Build configuration list for PBXNativeTarget "RxMoya-ModelMapper" */;
			buildPhases = (
				C29CCF7CB414A002918FCFA8 /* Sources */,
				9562A8290980AF6E8BB8ED72 /* Resources */,
				8639F0C0E6EC665DD368F199 /* Frameworks */,
			);
			buildRules = (
			);
			dependencies = (
			);
			name = "RxMoya-ModelMapper";
			productName = "RxMoya-ModelMapper";
			productReference = FC4E7AF93EC3A2935C8DD35F /* RxMoya-ModelMapper.framework */;
			productType = "com.apple.product-type.framework";
		};
/* End PBXNativeTarget section */

/* Begin PBXProject section */
		8A7B3DE70D53D29E834617CC /* Project object */ = {
			isa = PBXProject;
			attributes = {
				LastSwiftUpdateCheck = 0930;
				LastUpgradeCheck = 0930;
			};
			buildConfigurationList = 025AA4A8418204B79613027D /* Build configuration list for PBXProject "Moya-ModelMapper" */;
			compatibilityVersion = "Xcode 3.2";
			developmentRegion = English;
			hasScannedForEncodings = 0;
			knownRegions = (
				en,
			);
			mainGroup = C88F7555D27A9BE25500C1D2;
			productRefGroup = F803B76F506A13325AF9CE42 /* Products */;
			projectDirPath = "";
			projectRoot = "";
			targets = (
				731CF91AF49075E22DCBF8A1 /* Moya-ModelMapper */,
				135A803413C025EE85FBC67B /* ReactiveMoya-ModelMapper */,
				94B24D9C8CD7CF4310873169 /* RxMoya-ModelMapper */,
			);
		};
/* End PBXProject section */

/* Begin PBXResourcesBuildPhase section */
		8B1C197C1D42E9B4DAADDB4A /* Resources */ = {
			isa = PBXResourcesBuildPhase;
			buildActionMask = 2147483647;
			files = (
			);
			runOnlyForDeploymentPostprocessing = 0;
		};
		9562A8290980AF6E8BB8ED72 /* Resources */ = {
			isa = PBXResourcesBuildPhase;
			buildActionMask = 2147483647;
			files = (
			);
			runOnlyForDeploymentPostprocessing = 0;
		};
		B56C2DB7E268C765E8C20492 /* Resources */ = {
			isa = PBXResourcesBuildPhase;
			buildActionMask = 2147483647;
			files = (
			);
			runOnlyForDeploymentPostprocessing = 0;
		};
/* End PBXResourcesBuildPhase section */

/* Begin PBXSourcesBuildPhase section */
		34407E4DED32ADE9EAF89CA0 /* Sources */ = {
			isa = PBXSourcesBuildPhase;
			buildActionMask = 2147483647;
			files = (
				4026154FC423DA1242D408B2 /* SignalProducerAvailability.swift in Sources */,
				87E9E4C8A49D063BCFA5AED4 /* SignalProducer+ModelMapper.swift in Sources */,
			);
			runOnlyForDeploymentPostprocessing = 0;
		};
		7638009AE736A5E47E99F39F /* Sources */ = {
			isa = PBXSourcesBuildPhase;
			buildActionMask = 2147483647;
			files = (
				9837A0AEEF5D3EC6CD907707 /* Response+ModelMapper.swift in Sources */,
				5FBF3E5C8635165E47D7951E /* ResponseAvailability.swift in Sources */,
			);
			runOnlyForDeploymentPostprocessing = 0;
		};
		C29CCF7CB414A002918FCFA8 /* Sources */ = {
			isa = PBXSourcesBuildPhase;
			buildActionMask = 2147483647;
			files = (
				7F259862091BA02C8615A2B2 /* ObservableAvailability.swift in Sources */,
				B29DCFEB8DD02361DE937186 /* Observable+ModelMapper.swift in Sources */,
				98CCCE0DA54F53F1C7CE8EAD /* Single+ModelMapper.swift in Sources */,
			);
			runOnlyForDeploymentPostprocessing = 0;
		};
/* End PBXSourcesBuildPhase section */

/* Begin XCBuildConfiguration section */
		203C5F2B3B8211A0D1FE2BA4 /* Debug */ = {
			isa = XCBuildConfiguration;
			buildSettings = {
				APPLICATION_EXTENSION_API_ONLY = NO;
				COMBINE_HIDPI_IMAGES = YES;
				CURRENT_PROJECT_VERSION = 1;
				DEFINES_MODULE = YES;
				DYLIB_COMPATIBILITY_VERSION = 1;
				DYLIB_CURRENT_VERSION = 1;
				DYLIB_INSTALL_NAME_BASE = "@rpath";
				"FRAMEWORK_SEARCH_PATHS[sdk=appletv*]" = (
					"$(SRCROOT)/Carthage/Build/tvOS/",
					"$(inherited)",
				);
				"FRAMEWORK_SEARCH_PATHS[sdk=iphone*]" = (
					"$(SRCROOT)/Carthage/Build/iOS/",
					"$(inherited)",
				);
				"FRAMEWORK_SEARCH_PATHS[sdk=macosx*]" = (
					"$(SRCROOT)/Carthage/Build/Mac/",
					"$(inherited)",
				);
				"FRAMEWORK_SEARCH_PATHS[sdk=watch*]" = (
					"$(SRCROOT)/Carthage/Build/watchOS/",
					"$(inherited)",
				);
				FRAMEWORK_VERSION = A;
				INFOPLIST_FILE = "Sources/Supporting Files/Info.plist";
				INSTALL_PATH = "$(LOCAL_LIBRARY_DIR)/Frameworks";
				IPHONEOS_DEPLOYMENT_TARGET = 8.0;
				LD_RUNPATH_SEARCH_PATHS = "$(inherited) @executable_path/../Frameworks @loader_path/Frameworks";
				MACOSX_DEPLOYMENT_TARGET = 10.10;
				PRODUCT_BUNDLE_IDENTIFIER = com.sunshinejr.ReactiveMoyaModelMapper;
				PRODUCT_NAME = "$(TARGET_NAME:c99extidentifier)";
				SDKROOT = macosx;
				SKIP_INSTALL = YES;
				SUPPORTED_PLATFORMS = "macosx iphoneos iphonesimulator appletvos appletvsimulator watchos watchsimulator";
				SWIFT_ACTIVE_COMPILATION_CONDITIONS = DEBUG;
				SWIFT_OPTIMIZATION_LEVEL = "-Onone";
				SWIFT_VERSION = 4.0;
				TVOS_DEPLOYMENT_TARGET = 9.0;
				VERSIONING_SYSTEM = "apple-generic";
				VERSION_INFO_PREFIX = "";
				WATCHOS_DEPLOYMENT_TARGET = 2.0;
			};
			name = Debug;
		};
		3172D581FE1390CBFDCDB4D9 /* Debug */ = {
			isa = XCBuildConfiguration;
			buildSettings = {
				APPLICATION_EXTENSION_API_ONLY = NO;
				COMBINE_HIDPI_IMAGES = YES;
				CURRENT_PROJECT_VERSION = 1;
				DEFINES_MODULE = YES;
				DYLIB_COMPATIBILITY_VERSION = 1;
				DYLIB_CURRENT_VERSION = 1;
				DYLIB_INSTALL_NAME_BASE = "@rpath";
				"FRAMEWORK_SEARCH_PATHS[sdk=appletv*]" = (
					"$(SRCROOT)/Carthage/Build/tvOS/",
					"$(inherited)",
				);
				"FRAMEWORK_SEARCH_PATHS[sdk=iphone*]" = (
					"$(SRCROOT)/Carthage/Build/iOS/",
					"$(inherited)",
				);
				"FRAMEWORK_SEARCH_PATHS[sdk=macosx*]" = (
					"$(SRCROOT)/Carthage/Build/Mac/",
					"$(inherited)",
				);
				"FRAMEWORK_SEARCH_PATHS[sdk=watch*]" = (
					"$(SRCROOT)/Carthage/Build/watchOS/",
					"$(inherited)",
				);
				FRAMEWORK_VERSION = A;
				INFOPLIST_FILE = Ressources/Info.plist;
				INSTALL_PATH = "$(LOCAL_LIBRARY_DIR)/Frameworks";
				IPHONEOS_DEPLOYMENT_TARGET = 8.0;
				LD_RUNPATH_SEARCH_PATHS = "$(inherited) @executable_path/../Frameworks @loader_path/Frameworks";
				MACOSX_DEPLOYMENT_TARGET = 10.10;
				PRODUCT_BUNDLE_IDENTIFIER = com.sunshinejr.MoyaModelMapper;
				PRODUCT_NAME = "$(TARGET_NAME:c99extidentifier)";
				SDKROOT = macosx;
				SKIP_INSTALL = YES;
				SUPPORTED_PLATFORMS = "macosx iphoneos iphonesimulator appletvos appletvsimulator watchos watchsimulator";
				SWIFT_ACTIVE_COMPILATION_CONDITIONS = DEBUG;
				SWIFT_OPTIMIZATION_LEVEL = "-Onone";
				SWIFT_VERSION = 4.0;
				TVOS_DEPLOYMENT_TARGET = 9.0;
				VERSIONING_SYSTEM = "apple-generic";
				VERSION_INFO_PREFIX = "";
				WATCHOS_DEPLOYMENT_TARGET = 2.0;
			};
			name = Debug;
		};
		8B2F3EDC68D3355C20D19F3B /* Release */ = {
			isa = XCBuildConfiguration;
			buildSettings = {
				APPLICATION_EXTENSION_API_ONLY = NO;
				COMBINE_HIDPI_IMAGES = YES;
				CURRENT_PROJECT_VERSION = 1;
				DEFINES_MODULE = YES;
				DYLIB_COMPATIBILITY_VERSION = 1;
				DYLIB_CURRENT_VERSION = 1;
				DYLIB_INSTALL_NAME_BASE = "@rpath";
				"FRAMEWORK_SEARCH_PATHS[sdk=appletv*]" = (
					"$(SRCROOT)/Carthage/Build/tvOS/",
					"$(inherited)",
				);
				"FRAMEWORK_SEARCH_PATHS[sdk=iphone*]" = (
					"$(SRCROOT)/Carthage/Build/iOS/",
					"$(inherited)",
				);
				"FRAMEWORK_SEARCH_PATHS[sdk=macosx*]" = (
					"$(SRCROOT)/Carthage/Build/Mac/",
					"$(inherited)",
				);
				"FRAMEWORK_SEARCH_PATHS[sdk=watch*]" = (
					"$(SRCROOT)/Carthage/Build/watchOS/",
					"$(inherited)",
				);
				FRAMEWORK_VERSION = A;
				INFOPLIST_FILE = "Sources/Supporting Files/Info.plist";
				INSTALL_PATH = "$(LOCAL_LIBRARY_DIR)/Frameworks";
				IPHONEOS_DEPLOYMENT_TARGET = 8.0;
				LD_RUNPATH_SEARCH_PATHS = "$(inherited) @executable_path/../Frameworks @loader_path/Frameworks";
				MACOSX_DEPLOYMENT_TARGET = 10.10;
				PRODUCT_BUNDLE_IDENTIFIER = com.sunshinejr.RxMoyaModelMapper;
				PRODUCT_NAME = "$(TARGET_NAME:c99extidentifier)";
				SDKROOT = macosx;
				SKIP_INSTALL = YES;
				SUPPORTED_PLATFORMS = "macosx iphoneos iphonesimulator appletvos appletvsimulator watchos watchsimulator";
				SWIFT_OPTIMIZATION_LEVEL = "-Owholemodule";
				SWIFT_VERSION = 4.0;
				TVOS_DEPLOYMENT_TARGET = 9.0;
				VERSIONING_SYSTEM = "apple-generic";
				VERSION_INFO_PREFIX = "";
				WATCHOS_DEPLOYMENT_TARGET = 2.0;
			};
			name = Release;
		};
		A3F0B55F6D4255B56E29F017 /* Release */ = {
			isa = XCBuildConfiguration;
			buildSettings = {
				APPLICATION_EXTENSION_API_ONLY = NO;
				COMBINE_HIDPI_IMAGES = YES;
				CURRENT_PROJECT_VERSION = 1;
				DEFINES_MODULE = YES;
				DYLIB_COMPATIBILITY_VERSION = 1;
				DYLIB_CURRENT_VERSION = 1;
				DYLIB_INSTALL_NAME_BASE = "@rpath";
				"FRAMEWORK_SEARCH_PATHS[sdk=appletv*]" = (
					"$(SRCROOT)/Carthage/Build/tvOS/",
					"$(inherited)",
				);
				"FRAMEWORK_SEARCH_PATHS[sdk=iphone*]" = (
					"$(SRCROOT)/Carthage/Build/iOS/",
					"$(inherited)",
				);
				"FRAMEWORK_SEARCH_PATHS[sdk=macosx*]" = (
					"$(SRCROOT)/Carthage/Build/Mac/",
					"$(inherited)",
				);
				"FRAMEWORK_SEARCH_PATHS[sdk=watch*]" = (
					"$(SRCROOT)/Carthage/Build/watchOS/",
					"$(inherited)",
				);
				FRAMEWORK_VERSION = A;
				INFOPLIST_FILE = Ressources/Info.plist;
				INSTALL_PATH = "$(LOCAL_LIBRARY_DIR)/Frameworks";
				IPHONEOS_DEPLOYMENT_TARGET = 8.0;
				LD_RUNPATH_SEARCH_PATHS = "$(inherited) @executable_path/../Frameworks @loader_path/Frameworks";
				MACOSX_DEPLOYMENT_TARGET = 10.10;
				PRODUCT_BUNDLE_IDENTIFIER = com.sunshinejr.MoyaModelMapper;
				PRODUCT_NAME = "$(TARGET_NAME:c99extidentifier)";
				SDKROOT = macosx;
				SKIP_INSTALL = YES;
				SUPPORTED_PLATFORMS = "macosx iphoneos iphonesimulator appletvos appletvsimulator watchos watchsimulator";
				SWIFT_OPTIMIZATION_LEVEL = "-Owholemodule";
				SWIFT_VERSION = 4.0;
				TVOS_DEPLOYMENT_TARGET = 9.0;
				VERSIONING_SYSTEM = "apple-generic";
				VERSION_INFO_PREFIX = "";
				WATCHOS_DEPLOYMENT_TARGET = 2.0;
			};
			name = Release;
		};
		ABB51359361BC82B202576B6 /* Debug */ = {
			isa = XCBuildConfiguration;
			buildSettings = {
				APPLICATION_EXTENSION_API_ONLY = NO;
				COMBINE_HIDPI_IMAGES = YES;
				CURRENT_PROJECT_VERSION = 1;
				DEFINES_MODULE = YES;
				DYLIB_COMPATIBILITY_VERSION = 1;
				DYLIB_CURRENT_VERSION = 1;
				DYLIB_INSTALL_NAME_BASE = "@rpath";
				"FRAMEWORK_SEARCH_PATHS[sdk=appletv*]" = (
					"$(SRCROOT)/Carthage/Build/tvOS/",
					"$(inherited)",
				);
				"FRAMEWORK_SEARCH_PATHS[sdk=iphone*]" = (
					"$(SRCROOT)/Carthage/Build/iOS/",
					"$(inherited)",
				);
				"FRAMEWORK_SEARCH_PATHS[sdk=macosx*]" = (
					"$(SRCROOT)/Carthage/Build/Mac/",
					"$(inherited)",
				);
				"FRAMEWORK_SEARCH_PATHS[sdk=watch*]" = (
					"$(SRCROOT)/Carthage/Build/watchOS/",
					"$(inherited)",
				);
				FRAMEWORK_VERSION = A;
				INFOPLIST_FILE = "Sources/Supporting Files/Info.plist";
				INSTALL_PATH = "$(LOCAL_LIBRARY_DIR)/Frameworks";
				IPHONEOS_DEPLOYMENT_TARGET = 8.0;
				LD_RUNPATH_SEARCH_PATHS = "$(inherited) @executable_path/../Frameworks @loader_path/Frameworks";
				MACOSX_DEPLOYMENT_TARGET = 10.10;
				PRODUCT_BUNDLE_IDENTIFIER = com.sunshinejr.RxMoyaModelMapper;
				PRODUCT_NAME = "$(TARGET_NAME:c99extidentifier)";
				SDKROOT = macosx;
				SKIP_INSTALL = YES;
				SUPPORTED_PLATFORMS = "macosx iphoneos iphonesimulator appletvos appletvsimulator watchos watchsimulator";
				SWIFT_ACTIVE_COMPILATION_CONDITIONS = DEBUG;
				SWIFT_OPTIMIZATION_LEVEL = "-Onone";
				SWIFT_VERSION = 4.0;
				TVOS_DEPLOYMENT_TARGET = 9.0;
				VERSIONING_SYSTEM = "apple-generic";
				VERSION_INFO_PREFIX = "";
				WATCHOS_DEPLOYMENT_TARGET = 2.0;
			};
			name = Debug;
		};
		BC284630475E25F90994A56C /* Release */ = {
			isa = XCBuildConfiguration;
			buildSettings = {
				APPLICATION_EXTENSION_API_ONLY = NO;
				COMBINE_HIDPI_IMAGES = YES;
				CURRENT_PROJECT_VERSION = 1;
				DEFINES_MODULE = YES;
				DYLIB_COMPATIBILITY_VERSION = 1;
				DYLIB_CURRENT_VERSION = 1;
				DYLIB_INSTALL_NAME_BASE = "@rpath";
				"FRAMEWORK_SEARCH_PATHS[sdk=appletv*]" = (
					"$(SRCROOT)/Carthage/Build/tvOS/",
					"$(inherited)",
				);
				"FRAMEWORK_SEARCH_PATHS[sdk=iphone*]" = (
					"$(SRCROOT)/Carthage/Build/iOS/",
					"$(inherited)",
				);
				"FRAMEWORK_SEARCH_PATHS[sdk=macosx*]" = (
					"$(SRCROOT)/Carthage/Build/Mac/",
					"$(inherited)",
				);
				"FRAMEWORK_SEARCH_PATHS[sdk=watch*]" = (
					"$(SRCROOT)/Carthage/Build/watchOS/",
					"$(inherited)",
				);
				FRAMEWORK_VERSION = A;
				INFOPLIST_FILE = "Sources/Supporting Files/Info.plist";
				INSTALL_PATH = "$(LOCAL_LIBRARY_DIR)/Frameworks";
				IPHONEOS_DEPLOYMENT_TARGET = 8.0;
				LD_RUNPATH_SEARCH_PATHS = "$(inherited) @executable_path/../Frameworks @loader_path/Frameworks";
				MACOSX_DEPLOYMENT_TARGET = 10.10;
				PRODUCT_BUNDLE_IDENTIFIER = com.sunshinejr.ReactiveMoyaModelMapper;
				PRODUCT_NAME = "$(TARGET_NAME:c99extidentifier)";
				SDKROOT = macosx;
				SKIP_INSTALL = YES;
				SUPPORTED_PLATFORMS = "macosx iphoneos iphonesimulator appletvos appletvsimulator watchos watchsimulator";
				SWIFT_OPTIMIZATION_LEVEL = "-Owholemodule";
				SWIFT_VERSION = 4.0;
				TVOS_DEPLOYMENT_TARGET = 9.0;
				VERSIONING_SYSTEM = "apple-generic";
				VERSION_INFO_PREFIX = "";
				WATCHOS_DEPLOYMENT_TARGET = 2.0;
			};
			name = Release;
		};
		D3DAD601C38291BCD7B96DD9 /* Release */ = {
			isa = XCBuildConfiguration;
			buildSettings = {
				ALWAYS_SEARCH_USER_PATHS = NO;
				CLANG_ANALYZER_NONNULL = YES;
				CLANG_ANALYZER_NUMBER_OBJECT_CONVERSION = YES_AGGRESSIVE;
				CLANG_CXX_LANGUAGE_STANDARD = "gnu++14";
				CLANG_CXX_LIBRARY = "libc++";
				CLANG_ENABLE_MODULES = YES;
				CLANG_ENABLE_OBJC_ARC = YES;
				CLANG_ENABLE_OBJC_WEAK = YES;
				CLANG_WARN_BLOCK_CAPTURE_AUTORELEASING = YES;
				CLANG_WARN_BOOL_CONVERSION = YES;
				CLANG_WARN_COMMA = YES;
				CLANG_WARN_CONSTANT_CONVERSION = YES;
				CLANG_WARN_DEPRECATED_OBJC_IMPLEMENTATIONS = YES;
				CLANG_WARN_DIRECT_OBJC_ISA_USAGE = YES_ERROR;
				CLANG_WARN_DOCUMENTATION_COMMENTS = YES;
				CLANG_WARN_EMPTY_BODY = YES;
				CLANG_WARN_ENUM_CONVERSION = YES;
				CLANG_WARN_INFINITE_RECURSION = YES;
				CLANG_WARN_INT_CONVERSION = YES;
				CLANG_WARN_NON_LITERAL_NULL_CONVERSION = YES;
				CLANG_WARN_OBJC_IMPLICIT_RETAIN_SELF = YES;
				CLANG_WARN_OBJC_LITERAL_CONVERSION = YES;
				CLANG_WARN_OBJC_ROOT_CLASS = YES_ERROR;
				CLANG_WARN_RANGE_LOOP_ANALYSIS = YES;
				CLANG_WARN_STRICT_PROTOTYPES = YES;
				CLANG_WARN_SUSPICIOUS_MOVE = YES;
				CLANG_WARN_UNGUARDED_AVAILABILITY = YES_AGGRESSIVE;
				CLANG_WARN_UNREACHABLE_CODE = YES;
				CLANG_WARN__DUPLICATE_METHOD_MATCH = YES;
				CODE_SIGN_IDENTITY = "";
				COMBINE_HIDPI_IMAGES = YES;
				COPY_PHASE_STRIP = NO;
				DEBUG_INFORMATION_FORMAT = "dwarf-with-dsym";
				ENABLE_NS_ASSERTIONS = NO;
				ENABLE_STRICT_OBJC_MSGSEND = YES;
				GCC_C_LANGUAGE_STANDARD = gnu11;
				GCC_NO_COMMON_BLOCKS = YES;
				GCC_WARN_64_TO_32_BIT_CONVERSION = YES;
				GCC_WARN_ABOUT_RETURN_TYPE = YES_ERROR;
				GCC_WARN_UNDECLARED_SELECTOR = YES;
				GCC_WARN_UNINITIALIZED_AUTOS = YES_AGGRESSIVE;
				GCC_WARN_UNUSED_FUNCTION = YES;
				GCC_WARN_UNUSED_VARIABLE = YES;
				MTL_ENABLE_DEBUG_INFO = NO;
				PRODUCT_NAME = "$(TARGET_NAME)";
				SDKROOT = macosx;
				SWIFT_OPTIMIZATION_LEVEL = "-Owholemodule";
				TARGETED_DEVICE_FAMILY = "1,2,3,4";
			};
			name = Release;
		};
		D743D16879CD67F7E87E4456 /* Debug */ = {
			isa = XCBuildConfiguration;
			buildSettings = {
				ALWAYS_SEARCH_USER_PATHS = NO;
				CLANG_ANALYZER_NONNULL = YES;
				CLANG_ANALYZER_NUMBER_OBJECT_CONVERSION = YES_AGGRESSIVE;
				CLANG_CXX_LANGUAGE_STANDARD = "gnu++14";
				CLANG_CXX_LIBRARY = "libc++";
				CLANG_ENABLE_MODULES = YES;
				CLANG_ENABLE_OBJC_ARC = YES;
				CLANG_ENABLE_OBJC_WEAK = YES;
				CLANG_WARN_BLOCK_CAPTURE_AUTORELEASING = YES;
				CLANG_WARN_BOOL_CONVERSION = YES;
				CLANG_WARN_COMMA = YES;
				CLANG_WARN_CONSTANT_CONVERSION = YES;
				CLANG_WARN_DEPRECATED_OBJC_IMPLEMENTATIONS = YES;
				CLANG_WARN_DIRECT_OBJC_ISA_USAGE = YES_ERROR;
				CLANG_WARN_DOCUMENTATION_COMMENTS = YES;
				CLANG_WARN_EMPTY_BODY = YES;
				CLANG_WARN_ENUM_CONVERSION = YES;
				CLANG_WARN_INFINITE_RECURSION = YES;
				CLANG_WARN_INT_CONVERSION = YES;
				CLANG_WARN_NON_LITERAL_NULL_CONVERSION = YES;
				CLANG_WARN_OBJC_IMPLICIT_RETAIN_SELF = YES;
				CLANG_WARN_OBJC_LITERAL_CONVERSION = YES;
				CLANG_WARN_OBJC_ROOT_CLASS = YES_ERROR;
				CLANG_WARN_RANGE_LOOP_ANALYSIS = YES;
				CLANG_WARN_STRICT_PROTOTYPES = YES;
				CLANG_WARN_SUSPICIOUS_MOVE = YES;
				CLANG_WARN_UNGUARDED_AVAILABILITY = YES_AGGRESSIVE;
				CLANG_WARN_UNREACHABLE_CODE = YES;
				CLANG_WARN__DUPLICATE_METHOD_MATCH = YES;
				CODE_SIGN_IDENTITY = "";
				COMBINE_HIDPI_IMAGES = YES;
				COPY_PHASE_STRIP = NO;
				DEBUG_INFORMATION_FORMAT = dwarf;
				ENABLE_STRICT_OBJC_MSGSEND = YES;
				ENABLE_TESTABILITY = YES;
				GCC_C_LANGUAGE_STANDARD = gnu11;
				GCC_DYNAMIC_NO_PIC = NO;
				GCC_NO_COMMON_BLOCKS = YES;
				GCC_OPTIMIZATION_LEVEL = 0;
				GCC_PREPROCESSOR_DEFINITIONS = (
					"DEBUG=1",
					"$(inherited)",
				);
				GCC_WARN_64_TO_32_BIT_CONVERSION = YES;
				GCC_WARN_ABOUT_RETURN_TYPE = YES_ERROR;
				GCC_WARN_UNDECLARED_SELECTOR = YES;
				GCC_WARN_UNINITIALIZED_AUTOS = YES_AGGRESSIVE;
				GCC_WARN_UNUSED_FUNCTION = YES;
				GCC_WARN_UNUSED_VARIABLE = YES;
				MTL_ENABLE_DEBUG_INFO = YES;
				ONLY_ACTIVE_ARCH = YES;
				PRODUCT_NAME = "$(TARGET_NAME)";
				SDKROOT = macosx;
				SWIFT_OPTIMIZATION_LEVEL = "-Owholemodule";
				TARGETED_DEVICE_FAMILY = "1,2,3,4";
			};
			name = Debug;
		};
/* End XCBuildConfiguration section */

/* Begin XCConfigurationList section */
		025AA4A8418204B79613027D /* Build configuration list for PBXProject "Moya-ModelMapper" */ = {
			isa = XCConfigurationList;
			buildConfigurations = (
				D743D16879CD67F7E87E4456 /* Debug */,
				D3DAD601C38291BCD7B96DD9 /* Release */,
			);
			defaultConfigurationIsVisible = 0;
			defaultConfigurationName = Release;
		};
		2EB98D0C97A924760CED37EF /* Build configuration list for PBXNativeTarget "RxMoya-ModelMapper" */ = {
			isa = XCConfigurationList;
			buildConfigurations = (
				8B2F3EDC68D3355C20D19F3B /* Release */,
				ABB51359361BC82B202576B6 /* Debug */,
			);
			defaultConfigurationIsVisible = 0;
			defaultConfigurationName = Release;
		};
		426E7BEE4A748A0E2B89A1D5 /* Build configuration list for PBXNativeTarget "ReactiveMoya-ModelMapper" */ = {
			isa = XCConfigurationList;
			buildConfigurations = (
				BC284630475E25F90994A56C /* Release */,
				203C5F2B3B8211A0D1FE2BA4 /* Debug */,
			);
			defaultConfigurationIsVisible = 0;
			defaultConfigurationName = Release;
		};
		9A213CBAEE9D16DBC485AB5E /* Build configuration list for PBXNativeTarget "Moya-ModelMapper" */ = {
			isa = XCConfigurationList;
			buildConfigurations = (
				A3F0B55F6D4255B56E29F017 /* Release */,
				3172D581FE1390CBFDCDB4D9 /* Debug */,
			);
			defaultConfigurationIsVisible = 0;
			defaultConfigurationName = Release;
		};
/* End XCConfigurationList section */
	};
	rootObject = 8A7B3DE70D53D29E834617CC /* Project object */;
}
